
Microsoft Visual Studio Solution File, Format Version 12.00
Project("{FAE04EC0-301F-11D3-BF4B-00C04F79EFBC}") = "MessagesService", "MessagesService\MessagesService.csproj", "{209334D2-C5D8-49C2-A0E4-9FA56094E65A}"
EndProject
Global
	GlobalSection(SolutionConfigurationPlatforms) = preSolution
		Debug|Any CPU = Debug|Any CPU
		Release|Any CPU = Release|Any CPU
	EndGlobalSection
	GlobalSection(ProjectConfigurationPlatforms) = postSolution
		{209334D2-C5D8-49C2-A0E4-9FA56094E65A}.Debug|Any CPU.ActiveCfg = Debug|Any CPU
		{209334D2-C5D8-49C2-A0E4-9FA56094E65A}.Debug|Any CPU.Build.0 = Debug|Any CPU
		{209334D2-C5D8-49C2-A0E4-9FA56094E65A}.Release|Any CPU.ActiveCfg = Release|Any CPU
		{209334D2-C5D8-49C2-A0E4-9FA56094E65A}.Release|Any CPU.Build.0 = Release|Any CPU
	EndGlobalSection
EndGlobal
